
Microsoft Visual Studio Solution File, Format Version 12.00
# Visual Studio Version 17
VisualStudioVersion = 17.0.31903.59
MinimumVisualStudioVersion = 10.0.40219.1
Project("{FAE04EC0-301F-11D3-BF4B-00C04F79EFBC}") = "EditorHTML", "EditorHTML.csproj", "{D9DBFFCC-0255-45DD-9544-A3A314E50C4D}"
EndProject
Global
	GlobalSection(SolutionConfigurationPlatforms) = preSolution
		Debug|Any CPU = Debug|Any CPU
		Release|Any CPU = Release|Any CPU
	EndGlobalSection
	GlobalSection(ProjectConfigurationPlatforms) = postSolution
		{D9DBFFCC-0255-45DD-9544-A3A314E50C4D}.Debug|Any CPU.ActiveCfg = Debug|Any CPU
		{D9DBFFCC-0255-45DD-9544-A3A314E50C4D}.Debug|Any CPU.Build.0 = Debug|Any CPU
		{D9DBFFCC-0255-45DD-9544-A3A314E50C4D}.Release|Any CPU.ActiveCfg = Release|Any CPU
		{D9DBFFCC-0255-45DD-9544-A3A314E50C4D}.Release|Any CPU.Build.0 = Release|Any CPU
	EndGlobalSection
	GlobalSection(SolutionProperties) = preSolution
		HideSolutionNode = FALSE
	EndGlobalSection
	GlobalSection(ExtensibilityGlobals) = postSolution
		SolutionGuid = {ED0880B0-F96C-4B13-A85D-BEAD07B90123}
	EndGlobalSection
EndGlobal
